
Microsoft Visual Studio Solution File, Format Version 12.00
# Visual Studio Version 17
VisualStudioVersion = 17.0.31912.275
MinimumVisualStudioVersion = 10.0.40219.1
Project("{FAE04EC0-301F-11D3-BF4B-00C04F79EFBC}") = "HotREF", "HotREF\HotREF.csproj", "{B7C8D39F-CAA6-4925-9D5C-52524FDF9448}"
EndProject
Project("{2150E333-8FDC-42A3-9474-1A3956D46DE8}") = "Solution Items", "Solution Items", "{3D89BEB7-26D6-4819-8416-21D7F6336B95}"
EndProject
Global
	GlobalSection(SolutionConfigurationPlatforms) = preSolution
		Debug|Any CPU = Debug|Any CPU
		Debug|Default = Debug|Default
		Debug|x64 = Debug|x64
		Release|Any CPU = Release|Any CPU
		Release|Default = Release|Default
		Release|x64 = Release|x64
	EndGlobalSection
	GlobalSection(ProjectConfigurationPlatforms) = postSolution
		{B7C8D39F-CAA6-4925-9D5C-52524FDF9448}.Debug|Any CPU.ActiveCfg = Debug|Any CPU
		{B7C8D39F-CAA6-4925-9D5C-52524FDF9448}.Debug|Any CPU.Build.0 = Debug|Any CPU
		{B7C8D39F-CAA6-4925-9D5C-52524FDF9448}.Debug|Default.ActiveCfg = Debug|Any CPU
		{B7C8D39F-CAA6-4925-9D5C-52524FDF9448}.Debug|Default.Build.0 = Debug|Any CPU
		{B7C8D39F-CAA6-4925-9D5C-52524FDF9448}.Debug|x64.ActiveCfg = Debug|x64
		{B7C8D39F-CAA6-4925-9D5C-52524FDF9448}.Debug|x64.Build.0 = Debug|x64
		{B7C8D39F-CAA6-4925-9D5C-52524FDF9448}.Release|Any CPU.ActiveCfg = Release|Any CPU
		{B7C8D39F-CAA6-4925-9D5C-52524FDF9448}.Release|Any CPU.Build.0 = Release|Any CPU
		{B7C8D39F-CAA6-4925-9D5C-52524FDF9448}.Release|Default.ActiveCfg = Release|Any CPU
		{B7C8D39F-CAA6-4925-9D5C-52524FDF9448}.Release|Default.Build.0 = Release|Any CPU
		{B7C8D39F-CAA6-4925-9D5C-52524FDF9448}.Release|x64.ActiveCfg = Release|x64
		{B7C8D39F-CAA6-4925-9D5C-52524FDF9448}.Release|x64.Build.0 = Release|x64
	EndGlobalSection
	GlobalSection(SolutionProperties) = preSolution
		HideSolutionNode = FALSE
	EndGlobalSection
	GlobalSection(ExtensibilityGlobals) = postSolution
		SolutionGuid = {B24DDFC2-D82F-4240-85D6-F42F16842B65}
	EndGlobalSection
	GlobalSection(SolutionConfigurationPlatforms) = preSolution
		Debug|Any CPU = Debug|Any CPU
		Debug|Default = Debug|Default
		Debug|x64 = Debug|x64
		Release|Any CPU = Release|Any CPU
		Release|Default = Release|Default
		Release|x64 = Release|x64
	EndGlobalSection
	GlobalSection(SolutionConfigurationPlatforms) = preSolution
		Debug|Any CPU = Debug|Any CPU
		Debug|Default = Debug|Default
		Debug|x64 = Debug|x64
		Release|Any CPU = Release|Any CPU
		Release|Default = Release|Default
		Release|x64 = Release|x64
	EndGlobalSection
	GlobalSection(SolutionConfigurationPlatforms) = preSolution
		Debug|Any CPU = Debug|Any CPU
		Debug|Default = Debug|Default
		Debug|x64 = Debug|x64
		Release|Any CPU = Release|Any CPU
		Release|Default = Release|Default
		Release|x64 = Release|x64
	EndGlobalSection
EndGlobal
